<?xml version="1.0" encoding="utf-8"?>
<Project ToolsVersion="4.0" xmlns="http://schemas.microsoft.com/developer/msbuild/2003">
  <ItemGroup>
    <ClCompile Include="src\Core\Common.cpp" />
    <ClCompile Include="src\Core\Logger.cpp" />
    <ClCompile Include="src\Window\AbstractWindow.cpp" />
    <ClCompile Include="src\App\App.cpp" />
    <ClCompile Include="src\Core\Color.cpp" />
    <ClCompile Include="src\Core\Math.cpp" />
    <ClCompile Include="src\Physics\Physics.cpp" />
    <ClCompile Include="src\Event\Event.cpp" />
    <ClCompile Include="src\Event\EventDispatcher.cpp" />
    <ClCompile Include="src\Layer\Layer.cpp" />
    <ClCompile Include="src\Event\Types\KeyEvent.cpp" />
    <ClCompile Include="src\Event\Types\MouseMoveEvent.cpp" />
    <ClCompile Include="src\Event\Types\MousePressEvent.cpp" />
    <ClCompile Include="src\Graphics\Mesh.cpp" />
    <ClCompile Include="src\Graphics\Shader.cpp" />
    <ClCompile Include="src\Graphics\Texture.cpp" />
    <ClCompile Include="src\Graphics\Lights\DirectionalLight.cpp" />
    <ClCompile Include="src\Graphics\Lights\PointLight.cpp" />
    <ClCompile Include="src\Graphics\Lights\SpotLight.cpp" />
    <ClCompile Include="src\Graphics\ShadowMaps\DirectionalShadowMap.cpp" />
    <ClCompile Include="src\Graphics\ShadowMaps\OmniDirectionalShadowMap.cpp" />
    <ClCompile Include="src\Graphics\Camera.cpp" />
    <ClCompile Include="src\Graphics\Entity.cpp" />
    <ClCompile Include="src\Graphics\Material.cpp" />
    <ClCompile Include="src\Graphics\Model.cpp" />
    <ClCompile Include="src\Graphics\Scene.cpp" />
    <ClCompile Include="src\Graphics\SkyBox.cpp" />
    <ClCompile Include="src\Event\Types\WindowResizeEvent.cpp" />
    <ClCompile Include="src\UI\AbstractUI.cpp" />
    <ClCompile Include="src\UI\UIElement.cpp" />
    <ClCompile Include="src\UI\UILayer.cpp" />
    <ClCompile Include="src\UI\UIMesh.cpp" />
    <ClCompile Include="src\UI\UIRoot.cpp" />
    <ClCompile Include="src\UI\Types\PaneUI.cpp" />
  </ItemGroup>
  <ItemGroup>
    <ClInclude Include="src\App\App.h" />
    <ClInclude Include="src\Event\Event.h" />
    <ClInclude Include="src\Window\AbstractWindow.h" />
    <ClInclude Include="src\Core\Common.h" />
    <ClInclude Include="src\Core\Logger.h" />
    <ClInclude Include="src\Core\Color.h" />
    <ClInclude Include="src\Core\Math.h" />
    <ClInclude Include="src\Physics\Physics.h" />
    <ClInclude Include="src\Window\MainWindow.h" />
    <ClInclude Include="src\Event\EventDispatcher.h" />
    <ClInclude Include="src\Layer\Layer.h" />
    <ClInclude Include="src\Event\Types\KeyEvent.h" />
    <ClInclude Include="src\Event\Types\MouseMoveEvent.h" />
    <ClInclude Include="src\Event\Types\MousePressEvent.h" />
    <ClInclude Include="src\Config\Config.h" />
    <ClInclude Include="src\Graphics\Drawable.h" />
    <ClInclude Include="src\Graphics\Entity.h" />
    <ClInclude Include="src\Graphics\Mesh.h" />
    <ClInclude Include="src\Graphics\Resource.h" />
    <ClInclude Include="src\Graphics\Shader.h" />
    <ClInclude Include="src\Graphics\stb_image.h" />
    <ClInclude Include="src\Graphics\Texture.h" />
    <ClInclude Include="src\Graphics\Lights\DirectionalLight.h" />
    <ClInclude Include="src\Graphics\Lights\PointLight.h" />
    <ClInclude Include="src\Graphics\Lights\SpotLight.h" />
    <ClInclude Include="src\Graphics\ShadowMaps\DirectionalShadowMap.h" />
    <ClInclude Include="src\Graphics\ShadowMaps\OmniDirectionalShadowMap.h" />
    <ClInclude Include="src\Graphics\Camera.h" />
    <ClInclude Include="src\Graphics\Material.h" />
    <ClInclude Include="src\Graphics\Model.h" />
    <ClInclude Include="src\Graphics\Scene.h" />
    <ClInclude Include="src\Graphics\SkyBox.h" />
    <ClInclude Include="src\Event\Types\WindowResizeEvent.h" />
    <ClInclude Include="src\Window\EditorWindow.h" />
    <ClInclude Include="src\UI\AbstractUI.h" />
    <ClInclude Include="src\UI\UIElement.h" />
    <ClInclude Include="src\UI\UILayer.h" />
    <ClInclude Include="src\UI\UIMesh.h" />
    <ClInclude Include="src\UI\UIRoot.h" />
    <ClInclude Include="src\UI\Types\PaneUI.h" />
  </ItemGroup>
</Project>